
Microsoft Visual Studio Solution File, Format Version 12.00
# Visual Studio Version 16
VisualStudioVersion = 16.0.31729.503
MinimumVisualStudioVersion = 10.0.40219.1
Project("{9A19103F-16F7-4668-BE54-9A1E7A4F7556}") = "TableCalculator", "TableCalculator\TableCalculator.csproj", "{D8000422-DA43-4838-B383-255A835FED16}"
EndProject
Project("{FAE04EC0-301F-11D3-BF4B-00C04F79EFBC}") = "UnitTests", "UnitTests\UnitTests.csproj", "{A5FD04F5-41F7-4146-8B01-D24266A18DF8}"
EndProject
Global
	GlobalSection(SolutionConfigurationPlatforms) = preSolution
		Debug|Any CPU = Debug|Any CPU
		Release|Any CPU = Release|Any CPU
	EndGlobalSection
	GlobalSection(ProjectConfigurationPlatforms) = postSolution
		{D8000422-DA43-4838-B383-255A835FED16}.Debug|Any CPU.ActiveCfg = Debug|Any CPU
		{D8000422-DA43-4838-B383-255A835FED16}.Debug|Any CPU.Build.0 = Debug|Any CPU
		{D8000422-DA43-4838-B383-255A835FED16}.Release|Any CPU.ActiveCfg = Release|Any CPU
		{D8000422-DA43-4838-B383-255A835FED16}.Release|Any CPU.Build.0 = Release|Any CPU
		{A5FD04F5-41F7-4146-8B01-D24266A18DF8}.Debug|Any CPU.ActiveCfg = Debug|Any CPU
		{A5FD04F5-41F7-4146-8B01-D24266A18DF8}.Debug|Any CPU.Build.0 = Debug|Any CPU
		{A5FD04F5-41F7-4146-8B01-D24266A18DF8}.Release|Any CPU.ActiveCfg = Release|Any CPU
		{A5FD04F5-41F7-4146-8B01-D24266A18DF8}.Release|Any CPU.Build.0 = Release|Any CPU
	EndGlobalSection
	GlobalSection(SolutionProperties) = preSolution
		HideSolutionNode = FALSE
	EndGlobalSection
	GlobalSection(ExtensibilityGlobals) = postSolution
		SolutionGuid = {9D18CD15-9B31-4E6C-BC7B-CC4A1E9455E9}
	EndGlobalSection
EndGlobal
